
Microsoft Visual Studio Solution File, Format Version 12.00
# Visual Studio Version 16
VisualStudioVersion = 16.0.30611.23
MinimumVisualStudioVersion = 10.0.40219.1
Project("{FAE04EC0-301F-11D3-BF4B-00C04F79EFBC}") = "lab4_2", "lab4_2\lab4_2.csproj", "{14AC295E-778E-4624-92FF-77E3596E9A4F}"
EndProject
Global
	GlobalSection(SolutionConfigurationPlatforms) = preSolution
		Debug|Any CPU = Debug|Any CPU
		Release|Any CPU = Release|Any CPU
	EndGlobalSection
	GlobalSection(ProjectConfigurationPlatforms) = postSolution
		{14AC295E-778E-4624-92FF-77E3596E9A4F}.Debug|Any CPU.ActiveCfg = Debug|Any CPU
		{14AC295E-778E-4624-92FF-77E3596E9A4F}.Debug|Any CPU.Build.0 = Debug|Any CPU
		{14AC295E-778E-4624-92FF-77E3596E9A4F}.Release|Any CPU.ActiveCfg = Release|Any CPU
		{14AC295E-778E-4624-92FF-77E3596E9A4F}.Release|Any CPU.Build.0 = Release|Any CPU
	EndGlobalSection
	GlobalSection(SolutionProperties) = preSolution
		HideSolutionNode = FALSE
	EndGlobalSection
	GlobalSection(ExtensibilityGlobals) = postSolution
		SolutionGuid = {04EDD9B2-AF0C-447E-9032-308E675A63D1}
	EndGlobalSection
EndGlobal
